<Solution>
  <Folder Name="/src/">
    <Project Path="src/Restaurants.API/Restaurants.API.csproj" />
    <Project Path="src/Restaurants.Application/Restaurants.Application.csproj" />
    <Project Path="src/Restaurants.Domain/Restaurants.Domain.csproj" />
    <Project Path="src/Restaurants.Infrastructure/Restaurants.Infrastructure.csproj" />
  </Folder>
  <Folder Name="/tests/">
    <Project Path="tests/Restaurants.APITests/Restaurants.APITests.csproj" />
    <Project Path="tests/Restaurants.ApplicationTests/Restaurants.ApplicationTests.csproj" />
    <Project Path="tests/Restaurants.InfrastructureTests/Restaurants.InfrastructureTests.csproj" />
  </Folder>
</Solution>
